
Microsoft Visual Studio Solution File, Format Version 12.00
# Visual Studio Version 17
VisualStudioVersion = 17.1.32228.430
MinimumVisualStudioVersion = 10.0.40219.1
Project("{8BC9CEB8-8B4A-11D0-8D11-00A0C91BC942}") = "별 피하기", "별 피하기\별 피하기.vcxproj", "{C8F81235-E137-42B9-978D-BE9328326CA0}"
EndProject
Global
	GlobalSection(SolutionConfigurationPlatforms) = preSolution
		Debug|x64 = Debug|x64
		Debug|x86 = Debug|x86
		Release|x64 = Release|x64
		Release|x86 = Release|x86
	EndGlobalSection
	GlobalSection(ProjectConfigurationPlatforms) = postSolution
		{C8F81235-E137-42B9-978D-BE9328326CA0}.Debug|x64.ActiveCfg = Debug|x64
		{C8F81235-E137-42B9-978D-BE9328326CA0}.Debug|x64.Build.0 = Debug|x64
		{C8F81235-E137-42B9-978D-BE9328326CA0}.Debug|x86.ActiveCfg = Debug|Win32
		{C8F81235-E137-42B9-978D-BE9328326CA0}.Debug|x86.Build.0 = Debug|Win32
		{C8F81235-E137-42B9-978D-BE9328326CA0}.Release|x64.ActiveCfg = Release|x64
		{C8F81235-E137-42B9-978D-BE9328326CA0}.Release|x64.Build.0 = Release|x64
		{C8F81235-E137-42B9-978D-BE9328326CA0}.Release|x86.ActiveCfg = Release|Win32
		{C8F81235-E137-42B9-978D-BE9328326CA0}.Release|x86.Build.0 = Release|Win32
	EndGlobalSection
	GlobalSection(SolutionProperties) = preSolution
		HideSolutionNode = FALSE
	EndGlobalSection
	GlobalSection(ExtensibilityGlobals) = postSolution
		SolutionGuid = {57C5669A-558B-452F-8677-2DCD807D57AB}
	EndGlobalSection
EndGlobal
